
Microsoft Visual Studio Solution File, Format Version 12.00
# Visual Studio Version 17
VisualStudioVersion = 17.12.35521.163 d17.12
MinimumVisualStudioVersion = 10.0.40219.1
Project("{FAE04EC0-301F-11D3-BF4B-00C04F79EFBC}") = "RagDataPipeline", "RagDataPipeline\RagDataPipeline.csproj", "{9BCA699B-20A8-4725-8879-6B0496800586}"
EndProject
Project("{FAE04EC0-301F-11D3-BF4B-00C04F79EFBC}") = "WebAPI", "WebAPI\WebAPI.csproj", "{C1A0E967-5120-4DFD-A060-DB61D2B9172B}"
EndProject
Global
	GlobalSection(SolutionConfigurationPlatforms) = preSolution
		Debug|Any CPU = Debug|Any CPU
		Release|Any CPU = Release|Any CPU
	EndGlobalSection
	GlobalSection(ProjectConfigurationPlatforms) = postSolution
		{9BCA699B-20A8-4725-8879-6B0496800586}.Debug|Any CPU.ActiveCfg = Debug|Any CPU
		{9BCA699B-20A8-4725-8879-6B0496800586}.Debug|Any CPU.Build.0 = Debug|Any CPU
		{9BCA699B-20A8-4725-8879-6B0496800586}.Release|Any CPU.ActiveCfg = Release|Any CPU
		{9BCA699B-20A8-4725-8879-6B0496800586}.Release|Any CPU.Build.0 = Release|Any CPU
		{C1A0E967-5120-4DFD-A060-DB61D2B9172B}.Debug|Any CPU.ActiveCfg = Debug|Any CPU
		{C1A0E967-5120-4DFD-A060-DB61D2B9172B}.Debug|Any CPU.Build.0 = Debug|Any CPU
		{C1A0E967-5120-4DFD-A060-DB61D2B9172B}.Release|Any CPU.ActiveCfg = Release|Any CPU
		{C1A0E967-5120-4DFD-A060-DB61D2B9172B}.Release|Any CPU.Build.0 = Release|Any CPU
	EndGlobalSection
	GlobalSection(SolutionProperties) = preSolution
		HideSolutionNode = FALSE
	EndGlobalSection
EndGlobal
